
Microsoft Visual Studio Solution File, Format Version 12.00
# Visual Studio Version 17
VisualStudioVersion = 17.10.34928.147
MinimumVisualStudioVersion = 10.0.40219.1
Project("{8BC9CEB8-8B4A-11D0-8D11-00A0C91BC942}") = "LAB801", "LAB801.vcxproj", "{20A7F979-A265-43E6-AA43-BAE7D511D680}"
EndProject
Project("{8BC9CEB8-8B4A-11D0-8D11-00A0C91BC942}") = "LAB802", "..\LAB802\LAB802.vcxproj", "{E1C36DD2-5C5E-4C7B-A64E-3A4CF3B5F913}"
EndProject
Project("{8BC9CEB8-8B4A-11D0-8D11-00A0C91BC942}") = "LAB803", "..\LAB803\LAB803.vcxproj", "{F7ABA138-1B1F-4F56-BD19-6C82DA355340}"
EndProject
Project("{8BC9CEB8-8B4A-11D0-8D11-00A0C91BC942}") = "LAB804", "..\LAB804\LAB804.vcxproj", "{2C258D09-009B-4B9A-9C59-74110D47A0B9}"
EndProject
Project("{8BC9CEB8-8B4A-11D0-8D11-00A0C91BC942}") = "LAB805", "..\LAB805\LAB805.vcxproj", "{B8556B20-8066-4DD4-9C83-0DA8703865E5}"
EndProject
Project("{8BC9CEB8-8B4A-11D0-8D11-00A0C91BC942}") = "LAB806", "..\LAB806\LAB806.vcxproj", "{9B3D7FD5-0373-4AA0-9558-D10B269A0583}"
EndProject
Project("{8BC9CEB8-8B4A-11D0-8D11-00A0C91BC942}") = "LAB807", "..\LAB807\LAB807.vcxproj", "{6C0ED0AF-7CE3-42D9-9663-74766F491E16}"
EndProject
Global
	GlobalSection(SolutionConfigurationPlatforms) = preSolution
		Debug|x64 = Debug|x64
		Debug|x86 = Debug|x86
		Release|x64 = Release|x64
		Release|x86 = Release|x86
	EndGlobalSection
	GlobalSection(ProjectConfigurationPlatforms) = postSolution
		{20A7F979-A265-43E6-AA43-BAE7D511D680}.Debug|x64.ActiveCfg = Debug|x64
		{20A7F979-A265-43E6-AA43-BAE7D511D680}.Debug|x64.Build.0 = Debug|x64
		{20A7F979-A265-43E6-AA43-BAE7D511D680}.Debug|x86.ActiveCfg = Debug|Win32
		{20A7F979-A265-43E6-AA43-BAE7D511D680}.Debug|x86.Build.0 = Debug|Win32
		{20A7F979-A265-43E6-AA43-BAE7D511D680}.Release|x64.ActiveCfg = Release|x64
		{20A7F979-A265-43E6-AA43-BAE7D511D680}.Release|x64.Build.0 = Release|x64
		{20A7F979-A265-43E6-AA43-BAE7D511D680}.Release|x86.ActiveCfg = Release|Win32
		{20A7F979-A265-43E6-AA43-BAE7D511D680}.Release|x86.Build.0 = Release|Win32
		{E1C36DD2-5C5E-4C7B-A64E-3A4CF3B5F913}.Debug|x64.ActiveCfg = Debug|x64
		{E1C36DD2-5C5E-4C7B-A64E-3A4CF3B5F913}.Debug|x64.Build.0 = Debug|x64
		{E1C36DD2-5C5E-4C7B-A64E-3A4CF3B5F913}.Debug|x86.ActiveCfg = Debug|Win32
		{E1C36DD2-5C5E-4C7B-A64E-3A4CF3B5F913}.Debug|x86.Build.0 = Debug|Win32
		{E1C36DD2-5C5E-4C7B-A64E-3A4CF3B5F913}.Release|x64.ActiveCfg = Release|x64
		{E1C36DD2-5C5E-4C7B-A64E-3A4CF3B5F913}.Release|x64.Build.0 = Release|x64
		{E1C36DD2-5C5E-4C7B-A64E-3A4CF3B5F913}.Release|x86.ActiveCfg = Release|Win32
		{E1C36DD2-5C5E-4C7B-A64E-3A4CF3B5F913}.Release|x86.Build.0 = Release|Win32
		{F7ABA138-1B1F-4F56-BD19-6C82DA355340}.Debug|x64.ActiveCfg = Debug|x64
		{F7ABA138-1B1F-4F56-BD19-6C82DA355340}.Debug|x64.Build.0 = Debug|x64
		{F7ABA138-1B1F-4F56-BD19-6C82DA355340}.Debug|x86.ActiveCfg = Debug|Win32
		{F7ABA138-1B1F-4F56-BD19-6C82DA355340}.Debug|x86.Build.0 = Debug|Win32
		{F7ABA138-1B1F-4F56-BD19-6C82DA355340}.Release|x64.ActiveCfg = Release|x64
		{F7ABA138-1B1F-4F56-BD19-6C82DA355340}.Release|x64.Build.0 = Release|x64
		{F7ABA138-1B1F-4F56-BD19-6C82DA355340}.Release|x86.ActiveCfg = Release|Win32
		{F7ABA138-1B1F-4F56-BD19-6C82DA355340}.Release|x86.Build.0 = Release|Win32
		{2C258D09-009B-4B9A-9C59-74110D47A0B9}.Debug|x64.ActiveCfg = Debug|x64
		{2C258D09-009B-4B9A-9C59-74110D47A0B9}.Debug|x64.Build.0 = Debug|x64
		{2C258D09-009B-4B9A-9C59-74110D47A0B9}.Debug|x86.ActiveCfg = Debug|Win32
		{2C258D09-009B-4B9A-9C59-74110D47A0B9}.Debug|x86.Build.0 = Debug|Win32
		{2C258D09-009B-4B9A-9C59-74110D47A0B9}.Release|x64.ActiveCfg = Release|x64
		{2C258D09-009B-4B9A-9C59-74110D47A0B9}.Release|x64.Build.0 = Release|x64
		{2C258D09-009B-4B9A-9C59-74110D47A0B9}.Release|x86.ActiveCfg = Release|Win32
		{2C258D09-009B-4B9A-9C59-74110D47A0B9}.Release|x86.Build.0 = Release|Win32
		{B8556B20-8066-4DD4-9C83-0DA8703865E5}.Debug|x64.ActiveCfg = Debug|x64
		{B8556B20-8066-4DD4-9C83-0DA8703865E5}.Debug|x64.Build.0 = Debug|x64
		{B8556B20-8066-4DD4-9C83-0DA8703865E5}.Debug|x86.ActiveCfg = Debug|Win32
		{B8556B20-8066-4DD4-9C83-0DA8703865E5}.Debug|x86.Build.0 = Debug|Win32
		{B8556B20-8066-4DD4-9C83-0DA8703865E5}.Release|x64.ActiveCfg = Release|x64
		{B8556B20-8066-4DD4-9C83-0DA8703865E5}.Release|x64.Build.0 = Release|x64
		{B8556B20-8066-4DD4-9C83-0DA8703865E5}.Release|x86.ActiveCfg = Release|Win32
		{B8556B20-8066-4DD4-9C83-0DA8703865E5}.Release|x86.Build.0 = Release|Win32
		{9B3D7FD5-0373-4AA0-9558-D10B269A0583}.Debug|x64.ActiveCfg = Debug|x64
		{9B3D7FD5-0373-4AA0-9558-D10B269A0583}.Debug|x64.Build.0 = Debug|x64
		{9B3D7FD5-0373-4AA0-9558-D10B269A0583}.Debug|x86.ActiveCfg = Debug|Win32
		{9B3D7FD5-0373-4AA0-9558-D10B269A0583}.Debug|x86.Build.0 = Debug|Win32
		{9B3D7FD5-0373-4AA0-9558-D10B269A0583}.Release|x64.ActiveCfg = Release|x64
		{9B3D7FD5-0373-4AA0-9558-D10B269A0583}.Release|x64.Build.0 = Release|x64
		{9B3D7FD5-0373-4AA0-9558-D10B269A0583}.Release|x86.ActiveCfg = Release|Win32
		{9B3D7FD5-0373-4AA0-9558-D10B269A0583}.Release|x86.Build.0 = Release|Win32
		{6C0ED0AF-7CE3-42D9-9663-74766F491E16}.Debug|x64.ActiveCfg = Debug|x64
		{6C0ED0AF-7CE3-42D9-9663-74766F491E16}.Debug|x64.Build.0 = Debug|x64
		{6C0ED0AF-7CE3-42D9-9663-74766F491E16}.Debug|x86.ActiveCfg = Debug|Win32
		{6C0ED0AF-7CE3-42D9-9663-74766F491E16}.Debug|x86.Build.0 = Debug|Win32
		{6C0ED0AF-7CE3-42D9-9663-74766F491E16}.Release|x64.ActiveCfg = Release|x64
		{6C0ED0AF-7CE3-42D9-9663-74766F491E16}.Release|x64.Build.0 = Release|x64
		{6C0ED0AF-7CE3-42D9-9663-74766F491E16}.Release|x86.ActiveCfg = Release|Win32
		{6C0ED0AF-7CE3-42D9-9663-74766F491E16}.Release|x86.Build.0 = Release|Win32
	EndGlobalSection
	GlobalSection(SolutionProperties) = preSolution
		HideSolutionNode = FALSE
	EndGlobalSection
	GlobalSection(ExtensibilityGlobals) = postSolution
		SolutionGuid = {9FF787A4-9334-4A66-8AE1-7461B91E939A}
	EndGlobalSection
EndGlobal
